{
  "name": "csv-challenge",
  "requires": true,
  "lockfileVersion": 1,
  "dependencies": {
    "convert-csv-to-json": {
      "version": "0.0.11",
      "resolved": "https://registry.npmjs.org/convert-csv-to-json/-/convert-csv-to-json-0.0.11.tgz",
      "integrity": "sha1-5CQ4NHngKHbneTeBx2V2aJxbCaw="
    }
  }
}
